
Microsoft Visual Studio Solution File, Format Version 12.00
# Visual Studio 2013
VisualStudioVersion = 12.0.21005.1
MinimumVisualStudioVersion = 10.0.40219.1
Project("{E24C65DC-7377-472B-9ABA-BC803B73C61A}") = "Sprint1F1", "http://localhost:58715", "{04E0DBDA-F0CB-4206-ACD3-CC9A36DB9E3A}"
	ProjectSection(WebsiteProperties) = preProject
		UseIISExpress = "true"
		TargetFrameworkMoniker = ".NETFramework,Version%3Dv4.0"
		Debug.AspNetCompiler.VirtualPath = "/localhost_58715"
		Debug.AspNetCompiler.PhysicalPath = "..\Sprint1F1\"
		Debug.AspNetCompiler.TargetPath = "PrecompiledWeb\localhost_58715\"
		Debug.AspNetCompiler.Updateable = "true"
		Debug.AspNetCompiler.ForceOverwrite = "true"
		Debug.AspNetCompiler.FixedNames = "false"
		Debug.AspNetCompiler.Debug = "True"
		Release.AspNetCompiler.VirtualPath = "/localhost_58715"
		Release.AspNetCompiler.PhysicalPath = "..\Sprint1F1\"
		Release.AspNetCompiler.TargetPath = "PrecompiledWeb\localhost_58715\"
		Release.AspNetCompiler.Updateable = "true"
		Release.AspNetCompiler.ForceOverwrite = "true"
		Release.AspNetCompiler.FixedNames = "false"
		Release.AspNetCompiler.Debug = "False"
		SlnRelativePath = "..\Sprint1F1\"
	EndProjectSection
EndProject
Global
	GlobalSection(SolutionConfigurationPlatforms) = preSolution
		Debug|Any CPU = Debug|Any CPU
	EndGlobalSection
	GlobalSection(ProjectConfigurationPlatforms) = postSolution
		{04E0DBDA-F0CB-4206-ACD3-CC9A36DB9E3A}.Debug|Any CPU.ActiveCfg = Debug|Any CPU
		{04E0DBDA-F0CB-4206-ACD3-CC9A36DB9E3A}.Debug|Any CPU.Build.0 = Debug|Any CPU
	EndGlobalSection
	GlobalSection(SolutionProperties) = preSolution
		HideSolutionNode = FALSE
	EndGlobalSection
EndGlobal
